# This file is autogenerated, do not edit; changes may be undone by the next 'dep ensure'.


[[projects]]
  branch = "master"
  name = "github.com/gonum/blas"
  packages = [".","blas64","native","native/internal/math32"]
  revision = "430a98d0f42f5d7b9a9535580771233386034848"

[[projects]]
  branch = "master"
  name = "github.com/gonum/floats"
  packages = ["."]
  revision = "a2cbc5c70616cd18491ef2843231f6ce28b2cb02"

[[projects]]
  branch = "master"
  name = "github.com/gonum/internal"
  packages = ["asm/f32","asm/f64"]
  revision = "4c20688f849035792bcee8a94ec93b5c277c919f"

[[projects]]
  branch = "master"
  name = "github.com/gonum/lapack"
  packages = [".","lapack64","native"]
  revision = "219cfcc2cee77e21a618f07d65d14edbe4975c58"

[[projects]]
  branch = "master"
  name = "github.com/gonum/matrix"
  packages = [".","mat64"]
  revision = "ab9a12e575daf11d6836be8dc10f46fa4ad8684e"

[[projects]]
  branch = "master"
  name = "github.com/sjwhitworth/golearn"
  packages = ["base","evaluation","kdtree","knn","metrics/pairwise","utilities"]
  revision = "51d7b7d26237915beca07b3872c0e0343e9cde19"

[solve-meta]
  analyzer-name = "dep"
  analyzer-version = 1
  inputs-digest = "bee7132621ee8b36260f2197ad0ad0b9f917baf0304c8b1ff5120c28230de0c7"
  solver-name = "gps-cdcl"
  solver-version = 1
